
Microsoft Visual Studio Solution File, Format Version 12.00
# Visual Studio 2012
Project("{FAE04EC0-301F-11D3-BF4B-00C04F79EFBC}") = "AngularDemo", "AngularDemo\AngularDemo.csproj", "{9C994041-B6D3-41B4-A8E0-DB058A9954A8}"
EndProject
Project("{FAE04EC0-301F-11D3-BF4B-00C04F79EFBC}") = "DAL", "DAL\DAL.csproj", "{B7C54511-F511-45F4-985A-676B997B3693}"
EndProject
Project("{FAE04EC0-301F-11D3-BF4B-00C04F79EFBC}") = "Common", "Common\Common.csproj", "{4AF1F451-125A-45B6-AFE3-8D584895DEB1}"
EndProject
Global
	GlobalSection(SolutionConfigurationPlatforms) = preSolution
		Debug|Any CPU = Debug|Any CPU
		Release|Any CPU = Release|Any CPU
	EndGlobalSection
	GlobalSection(ProjectConfigurationPlatforms) = postSolution
		{9C994041-B6D3-41B4-A8E0-DB058A9954A8}.Debug|Any CPU.ActiveCfg = Debug|Any CPU
		{9C994041-B6D3-41B4-A8E0-DB058A9954A8}.Debug|Any CPU.Build.0 = Debug|Any CPU
		{9C994041-B6D3-41B4-A8E0-DB058A9954A8}.Release|Any CPU.ActiveCfg = Release|Any CPU
		{9C994041-B6D3-41B4-A8E0-DB058A9954A8}.Release|Any CPU.Build.0 = Release|Any CPU
		{B7C54511-F511-45F4-985A-676B997B3693}.Debug|Any CPU.ActiveCfg = Debug|Any CPU
		{B7C54511-F511-45F4-985A-676B997B3693}.Debug|Any CPU.Build.0 = Debug|Any CPU
		{B7C54511-F511-45F4-985A-676B997B3693}.Release|Any CPU.ActiveCfg = Release|Any CPU
		{B7C54511-F511-45F4-985A-676B997B3693}.Release|Any CPU.Build.0 = Release|Any CPU
		{4AF1F451-125A-45B6-AFE3-8D584895DEB1}.Debug|Any CPU.ActiveCfg = Debug|Any CPU
		{4AF1F451-125A-45B6-AFE3-8D584895DEB1}.Debug|Any CPU.Build.0 = Debug|Any CPU
		{4AF1F451-125A-45B6-AFE3-8D584895DEB1}.Release|Any CPU.ActiveCfg = Release|Any CPU
		{4AF1F451-125A-45B6-AFE3-8D584895DEB1}.Release|Any CPU.Build.0 = Release|Any CPU
	EndGlobalSection
	GlobalSection(SolutionProperties) = preSolution
		HideSolutionNode = FALSE
	EndGlobalSection
EndGlobal
